
Microsoft Visual Studio Solution File, Format Version 11.00
# Visual Studio 2010
Project("{8BC9CEB8-8B4A-11D0-8D11-00A0C91BC942}") = "DuiLib", "DuiLib\DuiLib.vcxproj", "{A96D66AD-ED47-4709-9246-CF0E6AA4C2FE}"
EndProject
Project("{2150E333-8FDC-42A3-9474-1A3956D46DE8}") = "Help", "Help", "{285F484A-F8FA-478C-9EC9-B625ECFDC566}"
	ProjectSection(SolutionItems) = preProject
		Help\directui license.txt = Help\directui license.txt
		Help\duilib license.txt = Help\duilib license.txt
		Help\属性列表.xml = Help\属性列表.xml
		Help\感谢.txt = Help\感谢.txt
		Help\版权说明.txt = Help\版权说明.txt
	EndProjectSection
EndProject
Project("{8BC9CEB8-8B4A-11D0-8D11-00A0C91BC942}") = "DuiDemo", "Demos\DuiDemo\DuiDemo.vcxproj", "{305F2C69-F727-4DDB-B6D3-9E83204C59BF}"
	ProjectSection(ProjectDependencies) = postProject
		{A96D66AD-ED47-4709-9246-CF0E6AA4C2FE} = {A96D66AD-ED47-4709-9246-CF0E6AA4C2FE}
		{6CB3C6C4-94D1-4F18-9C4F-24CE7E58B167} = {6CB3C6C4-94D1-4F18-9C4F-24CE7E58B167}
	EndProjectSection
EndProject
Project("{8BC9CEB8-8B4A-11D0-8D11-00A0C91BC942}") = "DuiFeatureEffect", "DuiFeatureEffect\DuiFeatureEffect.vcxproj", "{6CB3C6C4-94D1-4F18-9C4F-24CE7E58B167}"
EndProject
Global
	GlobalSection(SolutionConfigurationPlatforms) = preSolution
		Debug|Win32 = Debug|Win32
		Debug|x64 = Debug|x64
		DebugA|Win32 = DebugA|Win32
		DebugA|x64 = DebugA|x64
		Release|Win32 = Release|Win32
		Release|x64 = Release|x64
		ReleaseA|Win32 = ReleaseA|Win32
		ReleaseA|x64 = ReleaseA|x64
		SDebug|Win32 = SDebug|Win32
		SDebug|x64 = SDebug|x64
		SDebugA|Win32 = SDebugA|Win32
		SDebugA|x64 = SDebugA|x64
		SRelease|Win32 = SRelease|Win32
		SRelease|x64 = SRelease|x64
		SReleaseA|Win32 = SReleaseA|Win32
		SReleaseA|x64 = SReleaseA|x64
	EndGlobalSection
	GlobalSection(ProjectConfigurationPlatforms) = postSolution
		{A96D66AD-ED47-4709-9246-CF0E6AA4C2FE}.Debug|Win32.ActiveCfg = Debug|Win32
		{A96D66AD-ED47-4709-9246-CF0E6AA4C2FE}.Debug|Win32.Build.0 = Debug|Win32
		{A96D66AD-ED47-4709-9246-CF0E6AA4C2FE}.Debug|x64.ActiveCfg = Debug|x64
		{A96D66AD-ED47-4709-9246-CF0E6AA4C2FE}.Debug|x64.Build.0 = Debug|x64
		{A96D66AD-ED47-4709-9246-CF0E6AA4C2FE}.DebugA|Win32.ActiveCfg = DebugA|Win32
		{A96D66AD-ED47-4709-9246-CF0E6AA4C2FE}.DebugA|Win32.Build.0 = DebugA|Win32
		{A96D66AD-ED47-4709-9246-CF0E6AA4C2FE}.DebugA|x64.ActiveCfg = DebugA|x64
		{A96D66AD-ED47-4709-9246-CF0E6AA4C2FE}.DebugA|x64.Build.0 = DebugA|x64
		{A96D66AD-ED47-4709-9246-CF0E6AA4C2FE}.Release|Win32.ActiveCfg = Release|Win32
		{A96D66AD-ED47-4709-9246-CF0E6AA4C2FE}.Release|Win32.Build.0 = Release|Win32
		{A96D66AD-ED47-4709-9246-CF0E6AA4C2FE}.Release|x64.ActiveCfg = Release|x64
		{A96D66AD-ED47-4709-9246-CF0E6AA4C2FE}.Release|x64.Build.0 = Release|x64
		{A96D66AD-ED47-4709-9246-CF0E6AA4C2FE}.ReleaseA|Win32.ActiveCfg = ReleaseA|Win32
		{A96D66AD-ED47-4709-9246-CF0E6AA4C2FE}.ReleaseA|Win32.Build.0 = ReleaseA|Win32
		{A96D66AD-ED47-4709-9246-CF0E6AA4C2FE}.ReleaseA|x64.ActiveCfg = ReleaseA|x64
		{A96D66AD-ED47-4709-9246-CF0E6AA4C2FE}.ReleaseA|x64.Build.0 = ReleaseA|x64
		{A96D66AD-ED47-4709-9246-CF0E6AA4C2FE}.SDebug|Win32.ActiveCfg = SDebug|Win32
		{A96D66AD-ED47-4709-9246-CF0E6AA4C2FE}.SDebug|Win32.Build.0 = SDebug|Win32
		{A96D66AD-ED47-4709-9246-CF0E6AA4C2FE}.SDebug|x64.ActiveCfg = SDebug|x64
		{A96D66AD-ED47-4709-9246-CF0E6AA4C2FE}.SDebug|x64.Build.0 = SDebug|x64
		{A96D66AD-ED47-4709-9246-CF0E6AA4C2FE}.SDebugA|Win32.ActiveCfg = SDebugA|Win32
		{A96D66AD-ED47-4709-9246-CF0E6AA4C2FE}.SDebugA|Win32.Build.0 = SDebugA|Win32
		{A96D66AD-ED47-4709-9246-CF0E6AA4C2FE}.SDebugA|x64.ActiveCfg = SDebugA|x64
		{A96D66AD-ED47-4709-9246-CF0E6AA4C2FE}.SDebugA|x64.Build.0 = SDebugA|x64
		{A96D66AD-ED47-4709-9246-CF0E6AA4C2FE}.SRelease|Win32.ActiveCfg = SRelease|Win32
		{A96D66AD-ED47-4709-9246-CF0E6AA4C2FE}.SRelease|Win32.Build.0 = SRelease|Win32
		{A96D66AD-ED47-4709-9246-CF0E6AA4C2FE}.SRelease|x64.ActiveCfg = SRelease|x64
		{A96D66AD-ED47-4709-9246-CF0E6AA4C2FE}.SRelease|x64.Build.0 = SRelease|x64
		{A96D66AD-ED47-4709-9246-CF0E6AA4C2FE}.SReleaseA|Win32.ActiveCfg = SReleaseA|Win32
		{A96D66AD-ED47-4709-9246-CF0E6AA4C2FE}.SReleaseA|Win32.Build.0 = SReleaseA|Win32
		{A96D66AD-ED47-4709-9246-CF0E6AA4C2FE}.SReleaseA|x64.ActiveCfg = SReleaseA|x64
		{A96D66AD-ED47-4709-9246-CF0E6AA4C2FE}.SReleaseA|x64.Build.0 = SReleaseA|x64
		{305F2C69-F727-4DDB-B6D3-9E83204C59BF}.Debug|Win32.ActiveCfg = Debug|Win32
		{305F2C69-F727-4DDB-B6D3-9E83204C59BF}.Debug|Win32.Build.0 = Debug|Win32
		{305F2C69-F727-4DDB-B6D3-9E83204C59BF}.Debug|x64.ActiveCfg = Debug|x64
		{305F2C69-F727-4DDB-B6D3-9E83204C59BF}.Debug|x64.Build.0 = Debug|x64
		{305F2C69-F727-4DDB-B6D3-9E83204C59BF}.DebugA|Win32.ActiveCfg = Debug|Win32
		{305F2C69-F727-4DDB-B6D3-9E83204C59BF}.DebugA|Win32.Build.0 = Debug|Win32
		{305F2C69-F727-4DDB-B6D3-9E83204C59BF}.DebugA|x64.ActiveCfg = Debug|x64
		{305F2C69-F727-4DDB-B6D3-9E83204C59BF}.DebugA|x64.Build.0 = Debug|x64
		{305F2C69-F727-4DDB-B6D3-9E83204C59BF}.Release|Win32.ActiveCfg = Release|Win32
		{305F2C69-F727-4DDB-B6D3-9E83204C59BF}.Release|Win32.Build.0 = Release|Win32
		{305F2C69-F727-4DDB-B6D3-9E83204C59BF}.Release|x64.ActiveCfg = Release|x64
		{305F2C69-F727-4DDB-B6D3-9E83204C59BF}.Release|x64.Build.0 = Release|x64
		{305F2C69-F727-4DDB-B6D3-9E83204C59BF}.ReleaseA|Win32.ActiveCfg = Release|Win32
		{305F2C69-F727-4DDB-B6D3-9E83204C59BF}.ReleaseA|Win32.Build.0 = Release|Win32
		{305F2C69-F727-4DDB-B6D3-9E83204C59BF}.ReleaseA|x64.ActiveCfg = Release|x64
		{305F2C69-F727-4DDB-B6D3-9E83204C59BF}.ReleaseA|x64.Build.0 = Release|x64
		{305F2C69-F727-4DDB-B6D3-9E83204C59BF}.SDebug|Win32.ActiveCfg = Debug|Win32
		{305F2C69-F727-4DDB-B6D3-9E83204C59BF}.SDebug|Win32.Build.0 = Debug|Win32
		{305F2C69-F727-4DDB-B6D3-9E83204C59BF}.SDebug|x64.ActiveCfg = Debug|x64
		{305F2C69-F727-4DDB-B6D3-9E83204C59BF}.SDebug|x64.Build.0 = Debug|x64
		{305F2C69-F727-4DDB-B6D3-9E83204C59BF}.SDebugA|Win32.ActiveCfg = Debug|Win32
		{305F2C69-F727-4DDB-B6D3-9E83204C59BF}.SDebugA|Win32.Build.0 = Debug|Win32
		{305F2C69-F727-4DDB-B6D3-9E83204C59BF}.SDebugA|x64.ActiveCfg = Debug|x64
		{305F2C69-F727-4DDB-B6D3-9E83204C59BF}.SDebugA|x64.Build.0 = Debug|x64
		{305F2C69-F727-4DDB-B6D3-9E83204C59BF}.SRelease|Win32.ActiveCfg = Release|Win32
		{305F2C69-F727-4DDB-B6D3-9E83204C59BF}.SRelease|Win32.Build.0 = Release|Win32
		{305F2C69-F727-4DDB-B6D3-9E83204C59BF}.SRelease|x64.ActiveCfg = Release|x64
		{305F2C69-F727-4DDB-B6D3-9E83204C59BF}.SRelease|x64.Build.0 = Release|x64
		{305F2C69-F727-4DDB-B6D3-9E83204C59BF}.SReleaseA|Win32.ActiveCfg = Release|Win32
		{305F2C69-F727-4DDB-B6D3-9E83204C59BF}.SReleaseA|Win32.Build.0 = Release|Win32
		{305F2C69-F727-4DDB-B6D3-9E83204C59BF}.SReleaseA|x64.ActiveCfg = Release|x64
		{305F2C69-F727-4DDB-B6D3-9E83204C59BF}.SReleaseA|x64.Build.0 = Release|x64
		{6CB3C6C4-94D1-4F18-9C4F-24CE7E58B167}.Debug|Win32.ActiveCfg = Debug|Win32
		{6CB3C6C4-94D1-4F18-9C4F-24CE7E58B167}.Debug|Win32.Build.0 = Debug|Win32
		{6CB3C6C4-94D1-4F18-9C4F-24CE7E58B167}.Debug|x64.ActiveCfg = Debug|Win32
		{6CB3C6C4-94D1-4F18-9C4F-24CE7E58B167}.DebugA|Win32.ActiveCfg = Debug|Win32
		{6CB3C6C4-94D1-4F18-9C4F-24CE7E58B167}.DebugA|Win32.Build.0 = Debug|Win32
		{6CB3C6C4-94D1-4F18-9C4F-24CE7E58B167}.DebugA|x64.ActiveCfg = Debug|Win32
		{6CB3C6C4-94D1-4F18-9C4F-24CE7E58B167}.Release|Win32.ActiveCfg = Release|Win32
		{6CB3C6C4-94D1-4F18-9C4F-24CE7E58B167}.Release|Win32.Build.0 = Release|Win32
		{6CB3C6C4-94D1-4F18-9C4F-24CE7E58B167}.Release|x64.ActiveCfg = Release|Win32
		{6CB3C6C4-94D1-4F18-9C4F-24CE7E58B167}.ReleaseA|Win32.ActiveCfg = Release|Win32
		{6CB3C6C4-94D1-4F18-9C4F-24CE7E58B167}.ReleaseA|Win32.Build.0 = Release|Win32
		{6CB3C6C4-94D1-4F18-9C4F-24CE7E58B167}.ReleaseA|x64.ActiveCfg = Release|Win32
		{6CB3C6C4-94D1-4F18-9C4F-24CE7E58B167}.SDebug|Win32.ActiveCfg = Debug|Win32
		{6CB3C6C4-94D1-4F18-9C4F-24CE7E58B167}.SDebug|Win32.Build.0 = Debug|Win32
		{6CB3C6C4-94D1-4F18-9C4F-24CE7E58B167}.SDebug|x64.ActiveCfg = Debug|Win32
		{6CB3C6C4-94D1-4F18-9C4F-24CE7E58B167}.SDebugA|Win32.ActiveCfg = Debug|Win32
		{6CB3C6C4-94D1-4F18-9C4F-24CE7E58B167}.SDebugA|Win32.Build.0 = Debug|Win32
		{6CB3C6C4-94D1-4F18-9C4F-24CE7E58B167}.SDebugA|x64.ActiveCfg = Debug|Win32
		{6CB3C6C4-94D1-4F18-9C4F-24CE7E58B167}.SRelease|Win32.ActiveCfg = Release|Win32
		{6CB3C6C4-94D1-4F18-9C4F-24CE7E58B167}.SRelease|Win32.Build.0 = Release|Win32
		{6CB3C6C4-94D1-4F18-9C4F-24CE7E58B167}.SRelease|x64.ActiveCfg = Release|Win32
		{6CB3C6C4-94D1-4F18-9C4F-24CE7E58B167}.SReleaseA|Win32.ActiveCfg = Release|Win32
		{6CB3C6C4-94D1-4F18-9C4F-24CE7E58B167}.SReleaseA|Win32.Build.0 = Release|Win32
		{6CB3C6C4-94D1-4F18-9C4F-24CE7E58B167}.SReleaseA|x64.ActiveCfg = Release|Win32
	EndGlobalSection
	GlobalSection(SolutionProperties) = preSolution
		HideSolutionNode = FALSE
	EndGlobalSection
EndGlobal
