<?xml version="1.0" encoding="utf-8"?>
<Project ToolsVersion="4.0" xmlns="http://schemas.microsoft.com/developer/msbuild/2003">
  <ItemGroup>
    <Filter Include="源文件">
      <UniqueIdentifier>{4FC737F1-C7A5-4376-A066-2A32D752A2FF}</UniqueIdentifier>
      <Extensions>cpp;c;cc;cxx;def;odl;idl;hpj;bat;asm;asmx</Extensions>
    </Filter>
    <Filter Include="头文件">
      <UniqueIdentifier>{93995380-89BD-4b04-88EB-625FBE52EBFB}</UniqueIdentifier>
      <Extensions>h;hpp;hxx;hm;inl;inc;xsd</Extensions>
    </Filter>
    <Filter Include="资源文件">
      <UniqueIdentifier>{67DA6AB6-F800-4c08-8B7A-83BB121AAD01}</UniqueIdentifier>
      <Extensions>rc;ico;cur;bmp;dlg;rc2;rct;bin;rgs;gif;jpg;jpeg;jpe;resx;tiff;tif;png;wav;mfcribbon-ms</Extensions>
    </Filter>
    <Filter Include="头文件\Ado">
      <UniqueIdentifier>{2a7965f2-8c70-4725-ac36-71ea4dce4b52}</UniqueIdentifier>
    </Filter>
    <Filter Include="源文件\Ado">
      <UniqueIdentifier>{5588c37a-0764-48f6-866e-1007f4158a75}</UniqueIdentifier>
    </Filter>
    <Filter Include="头文件\Excel">
      <UniqueIdentifier>{aa66cd00-ebd3-45eb-a2cb-4a971aaba581}</UniqueIdentifier>
    </Filter>
    <Filter Include="源文件\Excel">
      <UniqueIdentifier>{2fbc7c85-1181-462e-b5fb-add926813106}</UniqueIdentifier>
    </Filter>
  </ItemGroup>
  <ItemGroup>
    <None Include="ReadMe.txt" />
    <None Include="res\DKPManagement.ico">
      <Filter>资源文件</Filter>
    </None>
    <None Include="..\..\bin\DKPManagement\ico\Aion.ico">
      <Filter>资源文件</Filter>
    </None>
    <None Include="excel9.tlh">
      <Filter>头文件\Excel</Filter>
    </None>
    <None Include="mso9.tlh">
      <Filter>头文件\Excel</Filter>
    </None>
    <None Include="VBE6EXT.tlh">
      <Filter>头文件\Excel</Filter>
    </None>
    <None Include="excel9.tli">
      <Filter>源文件\Excel</Filter>
    </None>
    <None Include="mso9.tli">
      <Filter>源文件\Excel</Filter>
    </None>
    <None Include="VBE6EXT.tli">
      <Filter>源文件\Excel</Filter>
    </None>
    <None Include="..\..\bin\DKPManagement\DKPManagement.zip" />
  </ItemGroup>
  <ItemGroup>
    <ClInclude Include="DKPManagement.h">
      <Filter>头文件</Filter>
    </ClInclude>
    <ClInclude Include="stdafx.h">
      <Filter>头文件</Filter>
    </ClInclude>
    <ClInclude Include="targetver.h">
      <Filter>头文件</Filter>
    </ClInclude>
    <ClInclude Include="Resource.h">
      <Filter>头文件</Filter>
    </ClInclude>
    <ClInclude Include="DKPManageFrame.h">
      <Filter>头文件</Filter>
    </ClInclude>
    <ClInclude Include="Ado.h">
      <Filter>头文件\Ado</Filter>
    </ClInclude>
    <ClInclude Include="MiniAdo.h">
      <Filter>头文件\Ado</Filter>
    </ClInclude>
    <ClInclude Include="Utility.h">
      <Filter>头文件\Ado</Filter>
    </ClInclude>
    <ClInclude Include="PlayerInfoDlg.h">
      <Filter>头文件</Filter>
    </ClInclude>
    <ClInclude Include="OperateMarkDlg.h">
      <Filter>头文件</Filter>
    </ClInclude>
  </ItemGroup>
  <ItemGroup>
    <ClCompile Include="DKPManagement.cpp">
      <Filter>源文件</Filter>
    </ClCompile>
    <ClCompile Include="stdafx.cpp">
      <Filter>源文件</Filter>
    </ClCompile>
    <ClCompile Include="DKPManageFrame.cpp">
      <Filter>源文件</Filter>
    </ClCompile>
    <ClCompile Include="Ado.cpp">
      <Filter>源文件\Ado</Filter>
    </ClCompile>
    <ClCompile Include="MiniAdo.cpp">
      <Filter>源文件\Ado</Filter>
    </ClCompile>
    <ClCompile Include="Utility.cpp">
      <Filter>源文件\Ado</Filter>
    </ClCompile>
    <ClCompile Include="PlayerInfoDlg.cpp">
      <Filter>源文件</Filter>
    </ClCompile>
    <ClCompile Include="OperateMarkDlg.cpp">
      <Filter>源文件</Filter>
    </ClCompile>
  </ItemGroup>
  <ItemGroup>
    <ResourceCompile Include="DKPManagement.rc">
      <Filter>资源文件</Filter>
    </ResourceCompile>
  </ItemGroup>
</Project>