<?xml version="1.0" encoding="utf-8"?>
<Project ToolsVersion="4.0" xmlns="http://schemas.microsoft.com/developer/msbuild/2003">
  <ItemGroup>
    <Filter Include="源文件">
      <UniqueIdentifier>{4FC737F1-C7A5-4376-A066-2A32D752A2FF}</UniqueIdentifier>
      <Extensions>cpp;c;cc;cxx;def;odl;idl;hpj;bat;asm;asmx</Extensions>
    </Filter>
    <Filter Include="头文件">
      <UniqueIdentifier>{93995380-89BD-4b04-88EB-625FBE52EBFB}</UniqueIdentifier>
      <Extensions>h;hpp;hxx;hm;inl;inc;xsd</Extensions>
    </Filter>
    <Filter Include="头文件\Control">
      <UniqueIdentifier>{6ae2c6a7-f27e-4e64-ab29-a73a9d22af79}</UniqueIdentifier>
    </Filter>
    <Filter Include="源文件\Control">
      <UniqueIdentifier>{7531e56e-806e-4970-acda-a0078238f636}</UniqueIdentifier>
    </Filter>
    <Filter Include="头文件\Core">
      <UniqueIdentifier>{ffe7d021-60b1-4363-9f9c-e45501ed7243}</UniqueIdentifier>
    </Filter>
    <Filter Include="源文件\Core">
      <UniqueIdentifier>{5128d26e-8bd0-4f18-a140-5aeb9e6098d8}</UniqueIdentifier>
    </Filter>
    <Filter Include="头文件\Utils">
      <UniqueIdentifier>{853931c1-b55e-47e8-a9c2-b7e64cbb84a4}</UniqueIdentifier>
    </Filter>
    <Filter Include="源文件\Utils">
      <UniqueIdentifier>{a8650d62-6513-48a5-b2d9-c70558c03ef2}</UniqueIdentifier>
    </Filter>
    <Filter Include="头文件\Layout">
      <UniqueIdentifier>{24b80851-4bb8-4030-b684-60b75010061c}</UniqueIdentifier>
    </Filter>
    <Filter Include="源文件\Layout">
      <UniqueIdentifier>{2fc0826d-127c-4ec7-8347-4503f8aa5356}</UniqueIdentifier>
    </Filter>
  </ItemGroup>
  <ItemGroup>
    <None Include="ReadMe.txt" />
  </ItemGroup>
  <ItemGroup>
    <ClInclude Include="stdafx.h">
      <Filter>头文件</Filter>
    </ClInclude>
    <ClInclude Include="Duilib.h">
      <Filter>头文件</Filter>
    </ClInclude>
    <ClInclude Include="Core\DuiPaintManager.h">
      <Filter>头文件\Core</Filter>
    </ClInclude>
    <ClInclude Include="Core\DuiDefine.h">
      <Filter>头文件\Core</Filter>
    </ClInclude>
    <ClInclude Include="Utils\DuiUtils.h">
      <Filter>头文件\Utils</Filter>
    </ClInclude>
    <ClInclude Include="Utils\DuiString.h">
      <Filter>头文件\Utils</Filter>
    </ClInclude>
    <ClInclude Include="Core\DuiWnd.h">
      <Filter>头文件\Core</Filter>
    </ClInclude>
    <ClInclude Include="Core\DuiControl.h">
      <Filter>头文件\Core</Filter>
    </ClInclude>
    <ClInclude Include="Core\DuiDlgBuilder.h">
      <Filter>头文件\Core</Filter>
    </ClInclude>
    <ClInclude Include="Core\DuiDlgImplBase.h">
      <Filter>头文件\Core</Filter>
    </ClInclude>
    <ClInclude Include="Core\DuiMarkup.h">
      <Filter>头文件\Core</Filter>
    </ClInclude>
    <ClInclude Include="Core\DuiMarkupNode.h">
      <Filter>头文件\Core</Filter>
    </ClInclude>
    <ClInclude Include="Utils\DuiDPI.h">
      <Filter>头文件\Utils</Filter>
    </ClInclude>
    <ClInclude Include="Utils\VersionHelpers.h">
      <Filter>头文件\Utils</Filter>
    </ClInclude>
    <ClInclude Include="Core\DuiContainer.h">
      <Filter>头文件\Core</Filter>
    </ClInclude>
    <ClInclude Include="Core\DuiControlFactory.h">
      <Filter>头文件\Core</Filter>
    </ClInclude>
    <ClInclude Include="Core\DuiRender.h">
      <Filter>头文件\Core</Filter>
    </ClInclude>
    <ClInclude Include="Utils\stb_image.h">
      <Filter>头文件\Utils</Filter>
    </ClInclude>
    <ClInclude Include="Layout\DuiVerticalLayout.h">
      <Filter>头文件\Layout</Filter>
    </ClInclude>
    <ClInclude Include="Utils\DuiDelegate.h">
      <Filter>头文件\Utils</Filter>
    </ClInclude>
    <ClInclude Include="Layout\DuiHorizontalLayout.h">
      <Filter>头文件\Layout</Filter>
    </ClInclude>
    <ClInclude Include="Utils\DuiShadow.h">
      <Filter>头文件\Utils</Filter>
    </ClInclude>
    <ClInclude Include="Control\DuiLabel.h">
      <Filter>头文件\Control</Filter>
    </ClInclude>
    <ClInclude Include="Control\DuiScrollBar.h">
      <Filter>头文件\Control</Filter>
    </ClInclude>
    <ClInclude Include="resource.h">
      <Filter>头文件</Filter>
    </ClInclude>
    <ClInclude Include="Utils\DuiIcon.h">
      <Filter>头文件\Utils</Filter>
    </ClInclude>
    <ClInclude Include="Control\DuiButton.h">
      <Filter>头文件\Control</Filter>
    </ClInclude>
    <ClInclude Include="Utils\DragDropImpl.h">
      <Filter>头文件\Utils</Filter>
    </ClInclude>
    <ClInclude Include="Control\DuiEdit.h">
      <Filter>头文件\Control</Filter>
    </ClInclude>
    <ClInclude Include="Core\DuiResourceManager.h">
      <Filter>头文件\Core</Filter>
    </ClInclude>
    <ClInclude Include="Control\DuiOption.h">
      <Filter>头文件\Control</Filter>
    </ClInclude>
    <ClInclude Include="Control\DuiRadio.h">
      <Filter>头文件\Control</Filter>
    </ClInclude>
  </ItemGroup>
  <ItemGroup>
    <ClCompile Include="stdafx.cpp">
      <Filter>源文件</Filter>
    </ClCompile>
    <ClCompile Include="Duilib.cpp">
      <Filter>源文件</Filter>
    </ClCompile>
    <ClCompile Include="dllmain.cpp">
      <Filter>源文件</Filter>
    </ClCompile>
    <ClCompile Include="Core\DuiPaintManager.cpp">
      <Filter>源文件\Core</Filter>
    </ClCompile>
    <ClCompile Include="Core\DuiDefine.cpp">
      <Filter>源文件\Core</Filter>
    </ClCompile>
    <ClCompile Include="Utils\DuiUtils.cpp">
      <Filter>源文件\Utils</Filter>
    </ClCompile>
    <ClCompile Include="Utils\DuiString.cpp">
      <Filter>源文件\Utils</Filter>
    </ClCompile>
    <ClCompile Include="Core\DuiWnd.cpp">
      <Filter>源文件\Core</Filter>
    </ClCompile>
    <ClCompile Include="Core\DuiControl.cpp">
      <Filter>源文件\Core</Filter>
    </ClCompile>
    <ClCompile Include="Core\DuiDlgBuilder.cpp">
      <Filter>源文件\Core</Filter>
    </ClCompile>
    <ClCompile Include="Core\DuiDlgImplBase.cpp">
      <Filter>源文件\Core</Filter>
    </ClCompile>
    <ClCompile Include="Utils\XUnzip.cpp">
      <Filter>源文件\Utils</Filter>
    </ClCompile>
    <ClCompile Include="Core\DuiMarkup.cpp">
      <Filter>源文件\Core</Filter>
    </ClCompile>
    <ClCompile Include="Core\DuiMarkupNode.cpp">
      <Filter>源文件\Core</Filter>
    </ClCompile>
    <ClCompile Include="Utils\DuiDPI.cpp">
      <Filter>源文件\Utils</Filter>
    </ClCompile>
    <ClCompile Include="Core\DuiContainer.cpp">
      <Filter>源文件\Core</Filter>
    </ClCompile>
    <ClCompile Include="Core\DuiControlFactory.cpp">
      <Filter>源文件\Core</Filter>
    </ClCompile>
    <ClCompile Include="Core\DuiRender.cpp">
      <Filter>源文件\Core</Filter>
    </ClCompile>
    <ClCompile Include="Layout\DuiVerticalLayout.cpp">
      <Filter>源文件\Layout</Filter>
    </ClCompile>
    <ClCompile Include="Utils\DuiDelegate.cpp">
      <Filter>源文件\Utils</Filter>
    </ClCompile>
    <ClCompile Include="Layout\DuiHorizontalLayout.cpp">
      <Filter>源文件\Layout</Filter>
    </ClCompile>
    <ClCompile Include="Utils\DuiShadow.cpp">
      <Filter>源文件\Utils</Filter>
    </ClCompile>
    <ClCompile Include="Control\DuiLabel.cpp">
      <Filter>源文件\Control</Filter>
    </ClCompile>
    <ClCompile Include="Control\DuiScrollBar.cpp">
      <Filter>源文件\Control</Filter>
    </ClCompile>
    <ClCompile Include="Utils\DuiIcon.cpp">
      <Filter>源文件\Utils</Filter>
    </ClCompile>
    <ClCompile Include="Control\DuiButton.cpp">
      <Filter>源文件\Control</Filter>
    </ClCompile>
    <ClCompile Include="Utils\DragDropImpl.cpp">
      <Filter>源文件\Utils</Filter>
    </ClCompile>
    <ClCompile Include="Control\DuiEdit.cpp">
      <Filter>源文件\Control</Filter>
    </ClCompile>
    <ClCompile Include="Core\DuiResourceManager.cpp">
      <Filter>源文件\Core</Filter>
    </ClCompile>
    <ClCompile Include="Control\DuiOption.cpp">
      <Filter>源文件\Control</Filter>
    </ClCompile>
    <ClCompile Include="Control\DuiRadio.cpp">
      <Filter>源文件\Control</Filter>
    </ClCompile>
  </ItemGroup>
</Project>